
Microsoft Visual Studio Solution File, Format Version 12.00
# Visual Studio Version 17
VisualStudioVersion = 17.5.33516.290
MinimumVisualStudioVersion = 10.0.40219.1
Project("{FAE04EC0-301F-11D3-BF4B-00C04F79EFBC}") = "CoffeeShop", "CoffeeShop\CoffeeShop.csproj", "{0ECC74BB-0472-40BA-8C3D-277D6C76424B}"
EndProject
Global
	GlobalSection(SolutionConfigurationPlatforms) = preSolution
		Debug|Any CPU = Debug|Any CPU
		Release|Any CPU = Release|Any CPU
	EndGlobalSection
	GlobalSection(ProjectConfigurationPlatforms) = postSolution
		{0ECC74BB-0472-40BA-8C3D-277D6C76424B}.Debug|Any CPU.ActiveCfg = Debug|Any CPU
		{0ECC74BB-0472-40BA-8C3D-277D6C76424B}.Debug|Any CPU.Build.0 = Debug|Any CPU
		{0ECC74BB-0472-40BA-8C3D-277D6C76424B}.Release|Any CPU.ActiveCfg = Release|Any CPU
		{0ECC74BB-0472-40BA-8C3D-277D6C76424B}.Release|Any CPU.Build.0 = Release|Any CPU
	EndGlobalSection
	GlobalSection(SolutionProperties) = preSolution
		HideSolutionNode = FALSE
	EndGlobalSection
	GlobalSection(ExtensibilityGlobals) = postSolution
		SolutionGuid = {5F3BC8B6-8B8B-4D34-AA1B-8849BF082ABF}
	EndGlobalSection
EndGlobal
