
Microsoft Visual Studio Solution File, Format Version 12.00
# Visual Studio Version 17
VisualStudioVersion = 17.5.33516.290
MinimumVisualStudioVersion = 10.0.40219.1
Project("{FAE04EC0-301F-11D3-BF4B-00C04F79EFBC}") = "pdweek1", "pdweek1\pdweek1.csproj", "{633B6F22-32E2-46A3-9F04-F1AF3842A0E2}"
EndProject
Global
	GlobalSection(SolutionConfigurationPlatforms) = preSolution
		Debug|Any CPU = Debug|Any CPU
		Release|Any CPU = Release|Any CPU
	EndGlobalSection
	GlobalSection(ProjectConfigurationPlatforms) = postSolution
		{633B6F22-32E2-46A3-9F04-F1AF3842A0E2}.Debug|Any CPU.ActiveCfg = Debug|Any CPU
		{633B6F22-32E2-46A3-9F04-F1AF3842A0E2}.Debug|Any CPU.Build.0 = Debug|Any CPU
		{633B6F22-32E2-46A3-9F04-F1AF3842A0E2}.Release|Any CPU.ActiveCfg = Release|Any CPU
		{633B6F22-32E2-46A3-9F04-F1AF3842A0E2}.Release|Any CPU.Build.0 = Release|Any CPU
	EndGlobalSection
	GlobalSection(SolutionProperties) = preSolution
		HideSolutionNode = FALSE
	EndGlobalSection
	GlobalSection(ExtensibilityGlobals) = postSolution
		SolutionGuid = {3A074CC0-57DD-45AB-8386-72D8605D2D77}
	EndGlobalSection
EndGlobal
