
Microsoft Visual Studio Solution File, Format Version 12.00
# Visual Studio Version 17
VisualStudioVersion = 17.5.33516.290
MinimumVisualStudioVersion = 10.0.40219.1
Project("{FAE04EC0-301F-11D3-BF4B-00C04F79EFBC}") = "ConsoleApp1", "ConsoleApp1\ConsoleApp1.csproj", "{1220EBB6-3612-4918-AED4-E10003384681}"
EndProject
Global
	GlobalSection(SolutionConfigurationPlatforms) = preSolution
		Debug|Any CPU = Debug|Any CPU
		Release|Any CPU = Release|Any CPU
	EndGlobalSection
	GlobalSection(ProjectConfigurationPlatforms) = postSolution
		{1220EBB6-3612-4918-AED4-E10003384681}.Debug|Any CPU.ActiveCfg = Debug|Any CPU
		{1220EBB6-3612-4918-AED4-E10003384681}.Debug|Any CPU.Build.0 = Debug|Any CPU
		{1220EBB6-3612-4918-AED4-E10003384681}.Release|Any CPU.ActiveCfg = Release|Any CPU
		{1220EBB6-3612-4918-AED4-E10003384681}.Release|Any CPU.Build.0 = Release|Any CPU
	EndGlobalSection
	GlobalSection(SolutionProperties) = preSolution
		HideSolutionNode = FALSE
	EndGlobalSection
	GlobalSection(ExtensibilityGlobals) = postSolution
		SolutionGuid = {8214F826-EA7A-4978-B27F-DDBEFF5064A3}
	EndGlobalSection
EndGlobal
