
Microsoft Visual Studio Solution File, Format Version 12.00
# Visual Studio Version 17
VisualStudioVersion = 17.5.33516.290
MinimumVisualStudioVersion = 10.0.40219.1
Project("{FAE04EC0-301F-11D3-BF4B-00C04F79EFBC}") = "challenge2", "challenge2\challenge2.csproj", "{D9922AC0-82A3-46ED-BDEE-E38BFCE1F6D0}"
EndProject
Global
	GlobalSection(SolutionConfigurationPlatforms) = preSolution
		Debug|Any CPU = Debug|Any CPU
		Release|Any CPU = Release|Any CPU
	EndGlobalSection
	GlobalSection(ProjectConfigurationPlatforms) = postSolution
		{D9922AC0-82A3-46ED-BDEE-E38BFCE1F6D0}.Debug|Any CPU.ActiveCfg = Debug|Any CPU
		{D9922AC0-82A3-46ED-BDEE-E38BFCE1F6D0}.Debug|Any CPU.Build.0 = Debug|Any CPU
		{D9922AC0-82A3-46ED-BDEE-E38BFCE1F6D0}.Release|Any CPU.ActiveCfg = Release|Any CPU
		{D9922AC0-82A3-46ED-BDEE-E38BFCE1F6D0}.Release|Any CPU.Build.0 = Release|Any CPU
	EndGlobalSection
	GlobalSection(SolutionProperties) = preSolution
		HideSolutionNode = FALSE
	EndGlobalSection
	GlobalSection(ExtensibilityGlobals) = postSolution
		SolutionGuid = {89BD03A4-916A-47A4-BA6E-46C0E6D25063}
	EndGlobalSection
EndGlobal
