
Microsoft Visual Studio Solution File, Format Version 12.00
# Visual Studio Version 17
VisualStudioVersion = 17.5.33516.290
MinimumVisualStudioVersion = 10.0.40219.1
Project("{FAE04EC0-301F-11D3-BF4B-00C04F79EFBC}") = "problem2", "problem2\problem2.csproj", "{648632EF-965C-4AB7-B952-786D2ED15071}"
EndProject
Global
	GlobalSection(SolutionConfigurationPlatforms) = preSolution
		Debug|Any CPU = Debug|Any CPU
		Release|Any CPU = Release|Any CPU
	EndGlobalSection
	GlobalSection(ProjectConfigurationPlatforms) = postSolution
		{648632EF-965C-4AB7-B952-786D2ED15071}.Debug|Any CPU.ActiveCfg = Debug|Any CPU
		{648632EF-965C-4AB7-B952-786D2ED15071}.Debug|Any CPU.Build.0 = Debug|Any CPU
		{648632EF-965C-4AB7-B952-786D2ED15071}.Release|Any CPU.ActiveCfg = Release|Any CPU
		{648632EF-965C-4AB7-B952-786D2ED15071}.Release|Any CPU.Build.0 = Release|Any CPU
	EndGlobalSection
	GlobalSection(SolutionProperties) = preSolution
		HideSolutionNode = FALSE
	EndGlobalSection
	GlobalSection(ExtensibilityGlobals) = postSolution
		SolutionGuid = {8EC5F496-4AF1-4459-9EE9-C2F5FE708590}
	EndGlobalSection
EndGlobal
