
Microsoft Visual Studio Solution File, Format Version 12.00
# Visual Studio Version 17
VisualStudioVersion = 17.5.33516.290
MinimumVisualStudioVersion = 10.0.40219.1
Project("{FAE04EC0-301F-11D3-BF4B-00C04F79EFBC}") = "Task1", "Task1\Task1.csproj", "{FAFC3E5F-F68D-4CBE-AF2D-FDBB63651D00}"
EndProject
Global
	GlobalSection(SolutionConfigurationPlatforms) = preSolution
		Debug|Any CPU = Debug|Any CPU
		Release|Any CPU = Release|Any CPU
	EndGlobalSection
	GlobalSection(ProjectConfigurationPlatforms) = postSolution
		{FAFC3E5F-F68D-4CBE-AF2D-FDBB63651D00}.Debug|Any CPU.ActiveCfg = Debug|Any CPU
		{FAFC3E5F-F68D-4CBE-AF2D-FDBB63651D00}.Debug|Any CPU.Build.0 = Debug|Any CPU
		{FAFC3E5F-F68D-4CBE-AF2D-FDBB63651D00}.Release|Any CPU.ActiveCfg = Release|Any CPU
		{FAFC3E5F-F68D-4CBE-AF2D-FDBB63651D00}.Release|Any CPU.Build.0 = Release|Any CPU
	EndGlobalSection
	GlobalSection(SolutionProperties) = preSolution
		HideSolutionNode = FALSE
	EndGlobalSection
	GlobalSection(ExtensibilityGlobals) = postSolution
		SolutionGuid = {BD2CF7A7-96B4-444C-A74F-47ABD690BA4E}
	EndGlobalSection
EndGlobal
